<?xml version="1.0" encoding="utf-8"?>
<Project ToolsVersion="4.0" xmlns="http://schemas.microsoft.com/developer/msbuild/2003">
  <ItemGroup>
    <ClCompile Include="stdafx.cpp" />
    <ClCompile Include="CGestureListener.cpp" />
    <ClCompile Include="main.cpp" />
    <ClCompile Include="..\shared\CGestureMatcher.cpp">
      <Filter>shared</Filter>
    </ClCompile>
  </ItemGroup>
  <ItemGroup>
    <ClInclude Include="stdafx.h" />
    <ClInclude Include="CGestureListener.h" />
  </ItemGroup>
  <ItemGroup>
    <Filter Include="shared">
      <UniqueIdentifier>{0e606bb3-8a82-4091-8883-6e35009ea3e2}</UniqueIdentifier>
    </Filter>
  </ItemGroup>
</Project>