<?xml version="1.0" encoding="utf-8"?>
<Project ToolsVersion="4.0" xmlns="http://schemas.microsoft.com/developer/msbuild/2003">
  <ItemGroup>
    <ClInclude Include="stdafx.h" />
    <ClInclude Include="CLeapMonitor.h" />
    <ClInclude Include="resource.h" />
    <ClInclude Include="Utils.h" />
  </ItemGroup>
  <ItemGroup>
    <ClCompile Include="stdafx.cpp" />
    <ClCompile Include="CLeapMonitor.cpp" />
    <ClCompile Include="main.cpp" />
    <ClCompile Include="Utils.cpp" />
  </ItemGroup>
  <ItemGroup>
    <ResourceCompile Include="leap_monitor.rc" />
  </ItemGroup>
  <ItemGroup>
    <Image Include="icon.ico" />
  </ItemGroup>
</Project>