<?xml version="1.0" encoding="utf-8"?>
<Project ToolsVersion="14.0" xmlns="http://schemas.microsoft.com/developer/msbuild/2003">
  <ItemGroup>
    <ClCompile Include="Utils.cpp" />
    <ClCompile Include="stdafx.cpp" />
    <ClCompile Include="CServerDriver.cpp" />
    <ClCompile Include="dllmain.cpp" />
    <ClCompile Include="..\vendor\pugixml\src\pugixml.cpp">
      <Filter>vendor\pugixml</Filter>
    </ClCompile>
    <ClCompile Include="CLeapHandController.cpp" />
    <ClCompile Include="..\shared\CGestureMatcher.cpp">
      <Filter>shared</Filter>
    </ClCompile>
    <ClCompile Include="CDriverLog.cpp" />
    <ClCompile Include="CDriverConfig.cpp" />
  </ItemGroup>
  <ItemGroup>
    <ClInclude Include="Utils.h" />
    <ClInclude Include="stdafx.h" />
    <ClInclude Include="CServerDriver.h" />
    <ClInclude Include="CLeapHandController.h" />
    <ClInclude Include="CDriverLog.h" />
    <ClInclude Include="CDriverConfig.h" />
  </ItemGroup>
  <ItemGroup>
    <Filter Include="vendor">
      <UniqueIdentifier>{4dd100d6-5318-4ebc-a9eb-9ef27f1ae76b}</UniqueIdentifier>
    </Filter>
    <Filter Include="vendor\pugixml">
      <UniqueIdentifier>{21c081d3-867d-441e-90d0-ef26e9d05cae}</UniqueIdentifier>
    </Filter>
    <Filter Include="shared">
      <UniqueIdentifier>{4781f094-d8be-42ee-9340-d6b35780a3dc}</UniqueIdentifier>
    </Filter>
  </ItemGroup>
</Project>